PODS:
  - Nuke (8.3.1)
  - RxCocoa (5.0.1):
    - RxRelay (~> 5)
    - RxSwift (~> 5)
  - RxRelay (5.0.1):
    - RxSwift (~> 5)
  - RxSwift (5.0.1)
  - SwiftFormat/CLI (0.40.14)
  - SwiftLint (0.36.0)
  - TrainAPI (0.0.1):
    - RxSwift (~> 5.0.0)

DEPENDENCIES:
  - Nuke (= 8.3.1)
  - RxCocoa (= 5.0.1)
  - RxSwift (= 5.0.1)
  - SwiftFormat/CLI (from `https://github.com/nicklockwood/SwiftFormat`, tag `0.40.14`)
  - SwiftLint (= 0.36.0)
  - TrainAPI (from `https://github.com/trainsocialnetwork/ios-api`, branch `test`)

SPEC REPOS:
  trunk:
    - Nuke
    - RxCocoa
    - RxRelay
    - RxSwift
    - SwiftLint

EXTERNAL SOURCES:
  SwiftFormat:
    :git: https://github.com/nicklockwood/SwiftFormat
    :tag: 0.40.14
  TrainAPI:
    :branch: test
    :git: https://github.com/trainsocialnetwork/ios-api

CHECKOUT OPTIONS:
  SwiftFormat:
    :git: https://github.com/nicklockwood/SwiftFormat
    :tag: 0.40.14
  TrainAPI:
    :commit: 9492e66fc9fa9f30f4b6e8ca50c2a5fbc5c03e8e
    :git: https://github.com/trainsocialnetwork/ios-api

SPEC CHECKSUMS:
  Nuke: 85fb80f8df0cb26c28d2f4e0cb7fb93bcd6548d3
  RxCocoa: e741b9749968e8a143e2b787f1dfbff2b63d0a5c
  RxRelay: 89d54507f4fd4d969e6ec1d4bd7f3673640b4640
  RxSwift: e2dc62b366a3adf6a0be44ba9f405efd4c94e0c4
  SwiftFormat: 21c9c3c748d5fcece493d8610eee23df15393458
  SwiftLint: fc9859e4e1752340664851f667bb1898b9c90114
  TrainAPI: 3c42be7befc77d1b76436ebae2398f2beaee7cf1

PODFILE CHECKSUM: eaa190d9614d5afe4d4180494f4f1226c2e3f1c0

COCOAPODS: 1.8.1
