PODS:
  - Nuke (8.3.1)
  - RxCocoa (5.0.1):
    - RxRelay (~> 5)
    - RxSwift (~> 5)
  - RxRelay (5.0.1):
    - RxSwift (~> 5)
  - RxSwift (5.0.1)
  - SwiftFormat/CLI (0.40.14)
  - SwiftLint (0.36.0)

DEPENDENCIES:
  - Nuke (= 8.3.1)
  - RxCocoa (= 5.0.1)
  - RxSwift (= 5.0.1)
  - SwiftFormat/CLI (from `https://github.com/nicklockwood/SwiftFormat`, tag `0.40.14`)
  - SwiftLint (= 0.36.0)

SPEC REPOS:
  trunk:
    - Nuke
    - RxCocoa
    - RxRelay
    - RxSwift
    - SwiftLint

EXTERNAL SOURCES:
  SwiftFormat:
    :git: https://github.com/nicklockwood/SwiftFormat
    :tag: 0.40.14

CHECKOUT OPTIONS:
  SwiftFormat:
    :git: https://github.com/nicklockwood/SwiftFormat
    :tag: 0.40.14

SPEC CHECKSUMS:
  Nuke: 85fb80f8df0cb26c28d2f4e0cb7fb93bcd6548d3
  RxCocoa: e741b9749968e8a143e2b787f1dfbff2b63d0a5c
  RxRelay: 89d54507f4fd4d969e6ec1d4bd7f3673640b4640
  RxSwift: e2dc62b366a3adf6a0be44ba9f405efd4c94e0c4
  SwiftFormat: 21c9c3c748d5fcece493d8610eee23df15393458
  SwiftLint: fc9859e4e1752340664851f667bb1898b9c90114

PODFILE CHECKSUM: d057da08090b449600fe59d59d571f7ee6bf8079

COCOAPODS: 1.8.1
