// !$*UTF8*$!
{
	archiveVersion = 1;
	classes = {
	};
	objectVersion = 51;
	objects = {

/* Begin PBXBuildFile section */
		6B770A3023AF9B26004F478C /* AppDelegate.swift in Sources */ = {isa = PBXBuildFile; fileRef = 6B770A2F23AF9B26004F478C /* AppDelegate.swift */; };
		6B770A3223AF9B26004F478C /* SceneDelegate.swift in Sources */ = {isa = PBXBuildFile; fileRef = 6B770A3123AF9B26004F478C /* SceneDelegate.swift */; };
		6B770A3923AF9B2B004F478C /* Assets.xcassets in Resources */ = {isa = PBXBuildFile; fileRef = 6B770A3823AF9B2B004F478C /* Assets.xcassets */; };
		6B770A3C23AF9B2B004F478C /* LaunchScreen.storyboard in Resources */ = {isa = PBXBuildFile; fileRef = 6B770A3A23AF9B2B004F478C /* LaunchScreen.storyboard */; };
		6B770A4B23B4E9B5004F478C /* TabBarController.storyboard in Resources */ = {isa = PBXBuildFile; fileRef = 6B770A4A23B4E9B5004F478C /* TabBarController.storyboard */; };
		6B770A4D23B4EA14004F478C /* HomeViewController.storyboard in Resources */ = {isa = PBXBuildFile; fileRef = 6B770A4C23B4EA14004F478C /* HomeViewController.storyboard */; };
		6B770A4F23B4EAAA004F478C /* MyPageViewController.storyboard in Resources */ = {isa = PBXBuildFile; fileRef = 6B770A4E23B4EAAA004F478C /* MyPageViewController.storyboard */; };
		6B770A5123B8DF41004F478C /* HomeViewController.swift in Sources */ = {isa = PBXBuildFile; fileRef = 6B770A5023B8DF41004F478C /* HomeViewController.swift */; };
		6B770A5323B8DF66004F478C /* MyPageViewController.swift in Sources */ = {isa = PBXBuildFile; fileRef = 6B770A5223B8DF66004F478C /* MyPageViewController.swift */; };
		6B770A5523B8E089004F478C /* TabBarController.swift in Sources */ = {isa = PBXBuildFile; fileRef = 6B770A5423B8E089004F478C /* TabBarController.swift */; };
		6B770A5823B8E3FC004F478C /* UITableView.extension.swift in Sources */ = {isa = PBXBuildFile; fileRef = 6B770A5723B8E3FC004F478C /* UITableView.extension.swift */; };
		6B770A5A23B8EAB1004F478C /* UIViewController.extension.swift in Sources */ = {isa = PBXBuildFile; fileRef = 6B770A5923B8EAB1004F478C /* UIViewController.extension.swift */; };
		7E0B4429BA617BE8AC5906AF /* Pods_TRAIN.framework in Frameworks */ = {isa = PBXBuildFile; fileRef = CC67237D0EDBC3ED907D52DB /* Pods_TRAIN.framework */; };
		AC35BAC82403E3A30039E7E5 /* PostViewController.swift in Sources */ = {isa = PBXBuildFile; fileRef = AC35BAC72403E3A30039E7E5 /* PostViewController.swift */; };
		AC35BACA2403F3680039E7E5 /* PostViewController.storyboard in Resources */ = {isa = PBXBuildFile; fileRef = AC35BAC92403F3680039E7E5 /* PostViewController.storyboard */; };
		AC35BACE2407FF970039E7E5 /* TraininngMenuViewController.storyboard in Resources */ = {isa = PBXBuildFile; fileRef = AC35BACD2407FF970039E7E5 /* TraininngMenuViewController.storyboard */; };
		AC35BAD02407FFE50039E7E5 /* MealMenuViewController.storyboard in Resources */ = {isa = PBXBuildFile; fileRef = AC35BACF2407FFE50039E7E5 /* MealMenuViewController.storyboard */; };
		AC35BAD22407FFF30039E7E5 /* TagViewController.storyboard in Resources */ = {isa = PBXBuildFile; fileRef = AC35BAD12407FFF30039E7E5 /* TagViewController.storyboard */; };
		AC5276F5242E84930006E4AC /* MealMenuViewModel.swift in Sources */ = {isa = PBXBuildFile; fileRef = AC5276F4242E84930006E4AC /* MealMenuViewModel.swift */; };
		AC5276FB2430619D0006E4AC /* TrainingSetTableViewModel.swift in Sources */ = {isa = PBXBuildFile; fileRef = AC5276FA2430619D0006E4AC /* TrainingSetTableViewModel.swift */; };
		AC7C4F8B2426F68500D0064B /* CameraRollCollectionViewController.storyboard in Resources */ = {isa = PBXBuildFile; fileRef = AC7C4F8A2426F68500D0064B /* CameraRollCollectionViewController.storyboard */; };
		AC7C4F8D2426F71400D0064B /* CameraRollCollectionViewController.swift in Sources */ = {isa = PBXBuildFile; fileRef = AC7C4F8C2426F71400D0064B /* CameraRollCollectionViewController.swift */; };
		AC7C4F902426FAEC00D0064B /* CameraRollCollectionViewCell.swift in Sources */ = {isa = PBXBuildFile; fileRef = AC7C4F8E2426FAEC00D0064B /* CameraRollCollectionViewCell.swift */; };
		AC7C4F932428C35400D0064B /* CameraViewController.storyboard in Resources */ = {isa = PBXBuildFile; fileRef = AC7C4F922428C35400D0064B /* CameraViewController.storyboard */; };
		AC7C4F952428CC4400D0064B /* CameraViewController.swift in Sources */ = {isa = PBXBuildFile; fileRef = AC7C4F942428CC4400D0064B /* CameraViewController.swift */; };
		AC7C4F97242A44C000D0064B /* TagViewController.swift in Sources */ = {isa = PBXBuildFile; fileRef = AC7C4F96242A44C000D0064B /* TagViewController.swift */; };
		AC7C4F9A242B5F8B00D0064B /* PostViewModel.swift in Sources */ = {isa = PBXBuildFile; fileRef = AC7C4F99242B5F8B00D0064B /* PostViewModel.swift */; };
		AC8A302C240803FE00370A6B /* TrainingMenuTableViewController.swift in Sources */ = {isa = PBXBuildFile; fileRef = AC8A302B240803FE00370A6B /* TrainingMenuTableViewController.swift */; };
		AC8A3035240945CE00370A6B /* TrainingSetTableViewCell.swift in Sources */ = {isa = PBXBuildFile; fileRef = AC8A3033240945CE00370A6B /* TrainingSetTableViewCell.swift */; };
		AC8A3036240945CE00370A6B /* TrainingSetTableViewCell.xib in Resources */ = {isa = PBXBuildFile; fileRef = AC8A3034240945CE00370A6B /* TrainingSetTableViewCell.xib */; };
		AC8A30382409491C00370A6B /* UITextField.extension.swift in Sources */ = {isa = PBXBuildFile; fileRef = AC8A30372409491C00370A6B /* UITextField.extension.swift */; };
		AC8A30402409F9E200370A6B /* TrainingSetViewController.swift in Sources */ = {isa = PBXBuildFile; fileRef = AC8A303F2409F9E200370A6B /* TrainingSetViewController.swift */; };
		AC8A30422409FA2300370A6B /* TrainingSetViewController.storyboard in Resources */ = {isa = PBXBuildFile; fileRef = AC8A30412409FA2300370A6B /* TrainingSetViewController.storyboard */; };
		AC8A30442409FF4F00370A6B /* TrainingSetFlontViewController.swift in Sources */ = {isa = PBXBuildFile; fileRef = AC8A30432409FF4F00370A6B /* TrainingSetFlontViewController.swift */; };
		AC8A3046240A7A1600370A6B /* MealMenuViewController.swift in Sources */ = {isa = PBXBuildFile; fileRef = AC8A3045240A7A1600370A6B /* MealMenuViewController.swift */; };
		ACEC60422420DC9F0093D66A /* PastInputViewController.swift in Sources */ = {isa = PBXBuildFile; fileRef = ACEC60412420DC9F0093D66A /* PastInputViewController.swift */; };
		ACEC60442420DCC20093D66A /* DirectInputViewController.swift in Sources */ = {isa = PBXBuildFile; fileRef = ACEC60432420DCC20093D66A /* DirectInputViewController.swift */; };
/* End PBXBuildFile section */

/* Begin PBXFileReference section */
		4C00C11D92080E62EDF6F15D /* Pods-TRAIN.debug.xcconfig */ = {isa = PBXFileReference; includeInIndex = 1; lastKnownFileType = text.xcconfig; name = "Pods-TRAIN.debug.xcconfig"; path = "Target Support Files/Pods-TRAIN/Pods-TRAIN.debug.xcconfig"; sourceTree = "<group>"; };
		6B770A2C23AF9B26004F478C /* TRAIN.app */ = {isa = PBXFileReference; explicitFileType = wrapper.application; includeInIndex = 0; path = TRAIN.app; sourceTree = BUILT_PRODUCTS_DIR; };
		6B770A2F23AF9B26004F478C /* AppDelegate.swift */ = {isa = PBXFileReference; lastKnownFileType = sourcecode.swift; path = AppDelegate.swift; sourceTree = "<group>"; };
		6B770A3123AF9B26004F478C /* SceneDelegate.swift */ = {isa = PBXFileReference; lastKnownFileType = sourcecode.swift; path = SceneDelegate.swift; sourceTree = "<group>"; };
		6B770A3823AF9B2B004F478C /* Assets.xcassets */ = {isa = PBXFileReference; lastKnownFileType = folder.assetcatalog; path = Assets.xcassets; sourceTree = "<group>"; };
		6B770A3B23AF9B2B004F478C /* Base */ = {isa = PBXFileReference; lastKnownFileType = file.storyboard; name = Base; path = Base.lproj/LaunchScreen.storyboard; sourceTree = "<group>"; };
		6B770A3D23AF9B2B004F478C /* Info.plist */ = {isa = PBXFileReference; lastKnownFileType = text.plist.xml; path = Info.plist; sourceTree = "<group>"; };
		6B770A4A23B4E9B5004F478C /* TabBarController.storyboard */ = {isa = PBXFileReference; lastKnownFileType = file.storyboard; path = TabBarController.storyboard; sourceTree = "<group>"; };
		6B770A4C23B4EA14004F478C /* HomeViewController.storyboard */ = {isa = PBXFileReference; lastKnownFileType = file.storyboard; path = HomeViewController.storyboard; sourceTree = "<group>"; };
		6B770A4E23B4EAAA004F478C /* MyPageViewController.storyboard */ = {isa = PBXFileReference; lastKnownFileType = file.storyboard; path = MyPageViewController.storyboard; sourceTree = "<group>"; };
		6B770A5023B8DF41004F478C /* HomeViewController.swift */ = {isa = PBXFileReference; lastKnownFileType = sourcecode.swift; path = HomeViewController.swift; sourceTree = "<group>"; };
		6B770A5223B8DF66004F478C /* MyPageViewController.swift */ = {isa = PBXFileReference; lastKnownFileType = sourcecode.swift; path = MyPageViewController.swift; sourceTree = "<group>"; };
		6B770A5423B8E089004F478C /* TabBarController.swift */ = {isa = PBXFileReference; lastKnownFileType = sourcecode.swift; path = TabBarController.swift; sourceTree = "<group>"; };
		6B770A5723B8E3FC004F478C /* UITableView.extension.swift */ = {isa = PBXFileReference; lastKnownFileType = sourcecode.swift; path = UITableView.extension.swift; sourceTree = "<group>"; };
		6B770A5923B8EAB1004F478C /* UIViewController.extension.swift */ = {isa = PBXFileReference; lastKnownFileType = sourcecode.swift; path = UIViewController.extension.swift; sourceTree = "<group>"; };
		AC35BAC72403E3A30039E7E5 /* PostViewController.swift */ = {isa = PBXFileReference; lastKnownFileType = sourcecode.swift; path = PostViewController.swift; sourceTree = "<group>"; };
		AC35BAC92403F3680039E7E5 /* PostViewController.storyboard */ = {isa = PBXFileReference; lastKnownFileType = file.storyboard; path = PostViewController.storyboard; sourceTree = "<group>"; };
		AC35BACD2407FF970039E7E5 /* TraininngMenuViewController.storyboard */ = {isa = PBXFileReference; lastKnownFileType = file.storyboard; path = TraininngMenuViewController.storyboard; sourceTree = "<group>"; };
		AC35BACF2407FFE50039E7E5 /* MealMenuViewController.storyboard */ = {isa = PBXFileReference; lastKnownFileType = file.storyboard; path = MealMenuViewController.storyboard; sourceTree = "<group>"; };
		AC35BAD12407FFF30039E7E5 /* TagViewController.storyboard */ = {isa = PBXFileReference; lastKnownFileType = file.storyboard; path = TagViewController.storyboard; sourceTree = "<group>"; };
		AC5276F4242E84930006E4AC /* MealMenuViewModel.swift */ = {isa = PBXFileReference; lastKnownFileType = sourcecode.swift; path = MealMenuViewModel.swift; sourceTree = "<group>"; };
		AC5276FA2430619D0006E4AC /* TrainingSetTableViewModel.swift */ = {isa = PBXFileReference; lastKnownFileType = sourcecode.swift; path = TrainingSetTableViewModel.swift; sourceTree = "<group>"; };
		AC7C4F8A2426F68500D0064B /* CameraRollCollectionViewController.storyboard */ = {isa = PBXFileReference; lastKnownFileType = file.storyboard; path = CameraRollCollectionViewController.storyboard; sourceTree = "<group>"; };
		AC7C4F8C2426F71400D0064B /* CameraRollCollectionViewController.swift */ = {isa = PBXFileReference; lastKnownFileType = sourcecode.swift; path = CameraRollCollectionViewController.swift; sourceTree = "<group>"; };
		AC7C4F8E2426FAEC00D0064B /* CameraRollCollectionViewCell.swift */ = {isa = PBXFileReference; lastKnownFileType = sourcecode.swift; name = CameraRollCollectionViewCell.swift; path = TRAIN/Views/Controllers/CameraRollCollectionViewCell.swift; sourceTree = SOURCE_ROOT; };
		AC7C4F922428C35400D0064B /* CameraViewController.storyboard */ = {isa = PBXFileReference; lastKnownFileType = file.storyboard; path = CameraViewController.storyboard; sourceTree = "<group>"; };
		AC7C4F942428CC4400D0064B /* CameraViewController.swift */ = {isa = PBXFileReference; lastKnownFileType = sourcecode.swift; path = CameraViewController.swift; sourceTree = "<group>"; };
		AC7C4F96242A44C000D0064B /* TagViewController.swift */ = {isa = PBXFileReference; lastKnownFileType = sourcecode.swift; path = TagViewController.swift; sourceTree = "<group>"; };
		AC7C4F99242B5F8B00D0064B /* PostViewModel.swift */ = {isa = PBXFileReference; lastKnownFileType = sourcecode.swift; path = PostViewModel.swift; sourceTree = "<group>"; };
		AC8A302B240803FE00370A6B /* TrainingMenuTableViewController.swift */ = {isa = PBXFileReference; lastKnownFileType = sourcecode.swift; path = TrainingMenuTableViewController.swift; sourceTree = "<group>"; };
		AC8A3033240945CE00370A6B /* TrainingSetTableViewCell.swift */ = {isa = PBXFileReference; lastKnownFileType = sourcecode.swift; name = TrainingSetTableViewCell.swift; path = TRAIN/Views/Controllers/TrainingSetTableViewCell.swift; sourceTree = SOURCE_ROOT; };
		AC8A3034240945CE00370A6B /* TrainingSetTableViewCell.xib */ = {isa = PBXFileReference; lastKnownFileType = file.xib; name = TrainingSetTableViewCell.xib; path = TRAIN/Views/Controllers/TrainingSetTableViewCell.xib; sourceTree = SOURCE_ROOT; };
		AC8A30372409491C00370A6B /* UITextField.extension.swift */ = {isa = PBXFileReference; lastKnownFileType = sourcecode.swift; path = UITextField.extension.swift; sourceTree = "<group>"; };
		AC8A303F2409F9E200370A6B /* TrainingSetViewController.swift */ = {isa = PBXFileReference; lastKnownFileType = sourcecode.swift; path = TrainingSetViewController.swift; sourceTree = "<group>"; };
		AC8A30412409FA2300370A6B /* TrainingSetViewController.storyboard */ = {isa = PBXFileReference; lastKnownFileType = file.storyboard; path = TrainingSetViewController.storyboard; sourceTree = "<group>"; };
		AC8A30432409FF4F00370A6B /* TrainingSetFlontViewController.swift */ = {isa = PBXFileReference; lastKnownFileType = sourcecode.swift; path = TrainingSetFlontViewController.swift; sourceTree = "<group>"; };
		AC8A3045240A7A1600370A6B /* MealMenuViewController.swift */ = {isa = PBXFileReference; lastKnownFileType = sourcecode.swift; path = MealMenuViewController.swift; sourceTree = "<group>"; };
		ACEC60412420DC9F0093D66A /* PastInputViewController.swift */ = {isa = PBXFileReference; lastKnownFileType = sourcecode.swift; path = PastInputViewController.swift; sourceTree = "<group>"; };
		ACEC60432420DCC20093D66A /* DirectInputViewController.swift */ = {isa = PBXFileReference; lastKnownFileType = sourcecode.swift; path = DirectInputViewController.swift; sourceTree = "<group>"; };
		CC67237D0EDBC3ED907D52DB /* Pods_TRAIN.framework */ = {isa = PBXFileReference; explicitFileType = wrapper.framework; includeInIndex = 0; path = Pods_TRAIN.framework; sourceTree = BUILT_PRODUCTS_DIR; };
		F105324C021F2B9DADDD05B4 /* Pods-TRAIN.release.xcconfig */ = {isa = PBXFileReference; includeInIndex = 1; lastKnownFileType = text.xcconfig; name = "Pods-TRAIN.release.xcconfig"; path = "Target Support Files/Pods-TRAIN/Pods-TRAIN.release.xcconfig"; sourceTree = "<group>"; };
/* End PBXFileReference section */

/* Begin PBXFrameworksBuildPhase section */
		6B770A2923AF9B26004F478C /* Frameworks */ = {
			isa = PBXFrameworksBuildPhase;
			buildActionMask = 2147483647;
			files = (
				7E0B4429BA617BE8AC5906AF /* Pods_TRAIN.framework in Frameworks */,
			);
			runOnlyForDeploymentPostprocessing = 0;
		};
/* End PBXFrameworksBuildPhase section */

/* Begin PBXGroup section */
		065D0F486C7E96A0F4ACD529 /* Pods */ = {
			isa = PBXGroup;
			children = (
				4C00C11D92080E62EDF6F15D /* Pods-TRAIN.debug.xcconfig */,
				F105324C021F2B9DADDD05B4 /* Pods-TRAIN.release.xcconfig */,
			);
			path = Pods;
			sourceTree = "<group>";
		};
		6B770A2323AF9B26004F478C = {
			isa = PBXGroup;
			children = (
				6B770A2E23AF9B26004F478C /* TRAIN */,
				6B770A2D23AF9B26004F478C /* Products */,
				065D0F486C7E96A0F4ACD529 /* Pods */,
				A041D05C5C621C1E213B4C27 /* Frameworks */,
			);
			sourceTree = "<group>";
		};
		6B770A2D23AF9B26004F478C /* Products */ = {
			isa = PBXGroup;
			children = (
				6B770A2C23AF9B26004F478C /* TRAIN.app */,
			);
			name = Products;
			sourceTree = "<group>";
		};
		6B770A2E23AF9B26004F478C /* TRAIN */ = {
			isa = PBXGroup;
			children = (
				6B770A5623B8E2A4004F478C /* Extensions */,
				6B770A4923B39EDC004F478C /* DataSources */,
				6B770A4823B39ABF004F478C /* ViewModels */,
				6B770A4423B263FE004F478C /* Views */,
				6B770A2F23AF9B26004F478C /* AppDelegate.swift */,
				6B770A3123AF9B26004F478C /* SceneDelegate.swift */,
				6B770A3823AF9B2B004F478C /* Assets.xcassets */,
				6B770A3D23AF9B2B004F478C /* Info.plist */,
			);
			path = TRAIN;
			sourceTree = "<group>";
		};
		6B770A4423B263FE004F478C /* Views */ = {
			isa = PBXGroup;
			children = (
				6B770A4723B2642E004F478C /* Cells */,
				6B770A4623B26419004F478C /* Storyboards */,
				6B770A4523B2640A004F478C /* Controllers */,
			);
			path = Views;
			sourceTree = "<group>";
		};
		6B770A4523B2640A004F478C /* Controllers */ = {
			isa = PBXGroup;
			children = (
				6B770A5023B8DF41004F478C /* HomeViewController.swift */,
				6B770A5223B8DF66004F478C /* MyPageViewController.swift */,
				6B770A5423B8E089004F478C /* TabBarController.swift */,
				AC35BAC72403E3A30039E7E5 /* PostViewController.swift */,
				AC7C4F8C2426F71400D0064B /* CameraRollCollectionViewController.swift */,
				AC7C4F942428CC4400D0064B /* CameraViewController.swift */,
				AC8A302B240803FE00370A6B /* TrainingMenuTableViewController.swift */,
				AC8A30432409FF4F00370A6B /* TrainingSetFlontViewController.swift */,
				AC8A303F2409F9E200370A6B /* TrainingSetViewController.swift */,
				AC8A3045240A7A1600370A6B /* MealMenuViewController.swift */,
				ACEC60412420DC9F0093D66A /* PastInputViewController.swift */,
				ACEC60432420DCC20093D66A /* DirectInputViewController.swift */,
				AC7C4F96242A44C000D0064B /* TagViewController.swift */,
			);
			path = Controllers;
			sourceTree = "<group>";
		};
		6B770A4623B26419004F478C /* Storyboards */ = {
			isa = PBXGroup;
			children = (
				6B770A3A23AF9B2B004F478C /* LaunchScreen.storyboard */,
				6B770A4A23B4E9B5004F478C /* TabBarController.storyboard */,
				6B770A4C23B4EA14004F478C /* HomeViewController.storyboard */,
				6B770A4E23B4EAAA004F478C /* MyPageViewController.storyboard */,
				AC35BAC92403F3680039E7E5 /* PostViewController.storyboard */,
				AC7C4F8A2426F68500D0064B /* CameraRollCollectionViewController.storyboard */,
				AC7C4F922428C35400D0064B /* CameraViewController.storyboard */,
				AC35BACD2407FF970039E7E5 /* TraininngMenuViewController.storyboard */,
				AC8A30412409FA2300370A6B /* TrainingSetViewController.storyboard */,
				AC35BACF2407FFE50039E7E5 /* MealMenuViewController.storyboard */,
				AC35BAD12407FFF30039E7E5 /* TagViewController.storyboard */,
			);
			path = Storyboards;
			sourceTree = "<group>";
		};
		6B770A4723B2642E004F478C /* Cells */ = {
			isa = PBXGroup;
			children = (
				AC8A3033240945CE00370A6B /* TrainingSetTableViewCell.swift */,
				AC8A3034240945CE00370A6B /* TrainingSetTableViewCell.xib */,
				AC7C4F8E2426FAEC00D0064B /* CameraRollCollectionViewCell.swift */,
			);
			path = Cells;
			sourceTree = "<group>";
		};
		6B770A4823B39ABF004F478C /* ViewModels */ = {
			isa = PBXGroup;
			children = (
				AC7C4F98242B5F7400D0064B /* PostViewModel */,
			);
			path = ViewModels;
			sourceTree = "<group>";
		};
		6B770A4923B39EDC004F478C /* DataSources */ = {
			isa = PBXGroup;
			children = (
			);
			path = DataSources;
			sourceTree = "<group>";
		};
		6B770A5623B8E2A4004F478C /* Extensions */ = {
			isa = PBXGroup;
			children = (
				6B770A5723B8E3FC004F478C /* UITableView.extension.swift */,
				6B770A5923B8EAB1004F478C /* UIViewController.extension.swift */,
				AC8A30372409491C00370A6B /* UITextField.extension.swift */,
			);
			path = Extensions;
			sourceTree = "<group>";
		};
		A041D05C5C621C1E213B4C27 /* Frameworks */ = {
			isa = PBXGroup;
			children = (
				CC67237D0EDBC3ED907D52DB /* Pods_TRAIN.framework */,
			);
			name = Frameworks;
			sourceTree = "<group>";
		};
		AC7C4F98242B5F7400D0064B /* PostViewModel */ = {
			isa = PBXGroup;
			children = (
				AC7C4F99242B5F8B00D0064B /* PostViewModel.swift */,
				AC5276F4242E84930006E4AC /* MealMenuViewModel.swift */,
				AC5276FA2430619D0006E4AC /* TrainingSetTableViewModel.swift */,
			);
			path = PostViewModel;
			sourceTree = "<group>";
		};
/* End PBXGroup section */

/* Begin PBXNativeTarget section */
		6B770A2B23AF9B26004F478C /* TRAIN */ = {
			isa = PBXNativeTarget;
			buildConfigurationList = 6B770A4023AF9B2B004F478C /* Build configuration list for PBXNativeTarget "TRAIN" */;
			buildPhases = (
				6CC913D1EEAAB43F76635B98 /* [CP] Check Pods Manifest.lock */,
				6B770A2823AF9B26004F478C /* Sources */,
				6B770A2923AF9B26004F478C /* Frameworks */,
				6B770A2A23AF9B26004F478C /* Resources */,
				1A34202CE56B7ADF40E15A39 /* [CP] Embed Pods Frameworks */,
				6B770A4323AFB2BC004F478C /* ShellScript */,
			);
			buildRules = (
			);
			dependencies = (
			);
			name = TRAIN;
			productName = TRAIN;
			productReference = 6B770A2C23AF9B26004F478C /* TRAIN.app */;
			productType = "com.apple.product-type.application";
		};
/* End PBXNativeTarget section */

/* Begin PBXProject section */
		6B770A2423AF9B26004F478C /* Project object */ = {
			isa = PBXProject;
			attributes = {
				LastSwiftUpdateCheck = 1130;
				LastUpgradeCheck = 1130;
				ORGANIZATIONNAME = "Naoki Odajima";
				TargetAttributes = {
					6B770A2B23AF9B26004F478C = {
						CreatedOnToolsVersion = 11.3;
					};
				};
			};
			buildConfigurationList = 6B770A2723AF9B26004F478C /* Build configuration list for PBXProject "TRAIN" */;
			compatibilityVersion = "Xcode 9.3";
			developmentRegion = en;
			hasScannedForEncodings = 0;
			knownRegions = (
				en,
				Base,
			);
			mainGroup = 6B770A2323AF9B26004F478C;
			productRefGroup = 6B770A2D23AF9B26004F478C /* Products */;
			projectDirPath = "";
			projectRoot = "";
			targets = (
				6B770A2B23AF9B26004F478C /* TRAIN */,
			);
		};
/* End PBXProject section */

/* Begin PBXResourcesBuildPhase section */
		6B770A2A23AF9B26004F478C /* Resources */ = {
			isa = PBXResourcesBuildPhase;
			buildActionMask = 2147483647;
			files = (
				AC8A3036240945CE00370A6B /* TrainingSetTableViewCell.xib in Resources */,
				6B770A4F23B4EAAA004F478C /* MyPageViewController.storyboard in Resources */,
				AC35BAD02407FFE50039E7E5 /* MealMenuViewController.storyboard in Resources */,
				AC35BACA2403F3680039E7E5 /* PostViewController.storyboard in Resources */,
				AC35BAD22407FFF30039E7E5 /* TagViewController.storyboard in Resources */,
				AC35BACE2407FF970039E7E5 /* TraininngMenuViewController.storyboard in Resources */,
				6B770A4D23B4EA14004F478C /* HomeViewController.storyboard in Resources */,
				6B770A4B23B4E9B5004F478C /* TabBarController.storyboard in Resources */,
				6B770A3C23AF9B2B004F478C /* LaunchScreen.storyboard in Resources */,
				AC8A30422409FA2300370A6B /* TrainingSetViewController.storyboard in Resources */,
				6B770A3923AF9B2B004F478C /* Assets.xcassets in Resources */,
				AC7C4F932428C35400D0064B /* CameraViewController.storyboard in Resources */,
				AC7C4F8B2426F68500D0064B /* CameraRollCollectionViewController.storyboard in Resources */,
			);
			runOnlyForDeploymentPostprocessing = 0;
		};
/* End PBXResourcesBuildPhase section */

/* Begin PBXShellScriptBuildPhase section */
		1A34202CE56B7ADF40E15A39 /* [CP] Embed Pods Frameworks */ = {
			isa = PBXShellScriptBuildPhase;
			buildActionMask = 2147483647;
			files = (
			);
			inputFileListPaths = (
				"${PODS_ROOT}/Target Support Files/Pods-TRAIN/Pods-TRAIN-frameworks-${CONFIGURATION}-input-files.xcfilelist",
			);
			name = "[CP] Embed Pods Frameworks";
			outputFileListPaths = (
				"${PODS_ROOT}/Target Support Files/Pods-TRAIN/Pods-TRAIN-frameworks-${CONFIGURATION}-output-files.xcfilelist",
			);
			runOnlyForDeploymentPostprocessing = 0;
			shellPath = /bin/sh;
			shellScript = "\"${PODS_ROOT}/Target Support Files/Pods-TRAIN/Pods-TRAIN-frameworks.sh\"\n";
			showEnvVarsInLog = 0;
		};
		6B770A4323AFB2BC004F478C /* ShellScript */ = {
			isa = PBXShellScriptBuildPhase;
			buildActionMask = 2147483647;
			files = (
			);
			inputFileListPaths = (
			);
			inputPaths = (
			);
			outputFileListPaths = (
			);
			outputPaths = (
			);
			runOnlyForDeploymentPostprocessing = 0;
			shellPath = /bin/sh;
			shellScript = "\"${PODS_ROOT}/SwiftFormat/CommandLineTool/swiftformat\" . --exclude Carthage,Pods --stripunusedargs closure-only --disable strongOutlets,trailingCommas\n\n\"${PODS_ROOT}/SwiftLint/swiftlint\"\n";
		};
		6CC913D1EEAAB43F76635B98 /* [CP] Check Pods Manifest.lock */ = {
			isa = PBXShellScriptBuildPhase;
			buildActionMask = 2147483647;
			files = (
			);
			inputFileListPaths = (
			);
			inputPaths = (
				"${PODS_PODFILE_DIR_PATH}/Podfile.lock",
				"${PODS_ROOT}/Manifest.lock",
			);
			name = "[CP] Check Pods Manifest.lock";
			outputFileListPaths = (
			);
			outputPaths = (
				"$(DERIVED_FILE_DIR)/Pods-TRAIN-checkManifestLockResult.txt",
			);
			runOnlyForDeploymentPostprocessing = 0;
			shellPath = /bin/sh;
			shellScript = "diff \"${PODS_PODFILE_DIR_PATH}/Podfile.lock\" \"${PODS_ROOT}/Manifest.lock\" > /dev/null\nif [ $? != 0 ] ; then\n    # print error to STDERR\n    echo \"error: The sandbox is not in sync with the Podfile.lock. Run 'pod install' or update your CocoaPods installation.\" >&2\n    exit 1\nfi\n# This output is used by Xcode 'outputs' to avoid re-running this script phase.\necho \"SUCCESS\" > \"${SCRIPT_OUTPUT_FILE_0}\"\n";
			showEnvVarsInLog = 0;
		};
/* End PBXShellScriptBuildPhase section */

/* Begin PBXSourcesBuildPhase section */
		6B770A2823AF9B26004F478C /* Sources */ = {
			isa = PBXSourcesBuildPhase;
			buildActionMask = 2147483647;
			files = (
				AC8A3035240945CE00370A6B /* TrainingSetTableViewCell.swift in Sources */,
				AC7C4F952428CC4400D0064B /* CameraViewController.swift in Sources */,
				AC35BAC82403E3A30039E7E5 /* PostViewController.swift in Sources */,
				6B770A5A23B8EAB1004F478C /* UIViewController.extension.swift in Sources */,
				6B770A3023AF9B26004F478C /* AppDelegate.swift in Sources */,
				AC8A30382409491C00370A6B /* UITextField.extension.swift in Sources */,
				AC7C4F97242A44C000D0064B /* TagViewController.swift in Sources */,
				ACEC60442420DCC20093D66A /* DirectInputViewController.swift in Sources */,
				AC7C4F902426FAEC00D0064B /* CameraRollCollectionViewCell.swift in Sources */,
				AC8A3046240A7A1600370A6B /* MealMenuViewController.swift in Sources */,
				AC5276F5242E84930006E4AC /* MealMenuViewModel.swift in Sources */,
				AC8A30442409FF4F00370A6B /* TrainingSetFlontViewController.swift in Sources */,
				6B770A3223AF9B26004F478C /* SceneDelegate.swift in Sources */,
				AC8A30402409F9E200370A6B /* TrainingSetViewController.swift in Sources */,
				6B770A5123B8DF41004F478C /* HomeViewController.swift in Sources */,
				AC7C4F9A242B5F8B00D0064B /* PostViewModel.swift in Sources */,
				6B770A5523B8E089004F478C /* TabBarController.swift in Sources */,
				AC7C4F8D2426F71400D0064B /* CameraRollCollectionViewController.swift in Sources */,
				6B770A5823B8E3FC004F478C /* UITableView.extension.swift in Sources */,
				6B770A5323B8DF66004F478C /* MyPageViewController.swift in Sources */,
				AC8A302C240803FE00370A6B /* TrainingMenuTableViewController.swift in Sources */,
				AC5276FB2430619D0006E4AC /* TrainingSetTableViewModel.swift in Sources */,
				ACEC60422420DC9F0093D66A /* PastInputViewController.swift in Sources */,
			);
			runOnlyForDeploymentPostprocessing = 0;
		};
/* End PBXSourcesBuildPhase section */

/* Begin PBXVariantGroup section */
		6B770A3A23AF9B2B004F478C /* LaunchScreen.storyboard */ = {
			isa = PBXVariantGroup;
			children = (
				6B770A3B23AF9B2B004F478C /* Base */,
			);
			name = LaunchScreen.storyboard;
			sourceTree = "<group>";
		};
/* End PBXVariantGroup section */

/* Begin XCBuildConfiguration section */
		6B770A3E23AF9B2B004F478C /* Debug */ = {
			isa = XCBuildConfiguration;
			buildSettings = {
				ALWAYS_SEARCH_USER_PATHS = NO;
				CLANG_ANALYZER_NONNULL = YES;
				CLANG_ANALYZER_NUMBER_OBJECT_CONVERSION = YES_AGGRESSIVE;
				CLANG_CXX_LANGUAGE_STANDARD = "gnu++14";
				CLANG_CXX_LIBRARY = "libc++";
				CLANG_ENABLE_MODULES = YES;
				CLANG_ENABLE_OBJC_ARC = YES;
				CLANG_ENABLE_OBJC_WEAK = YES;
				CLANG_WARN_BLOCK_CAPTURE_AUTORELEASING = YES;
				CLANG_WARN_BOOL_CONVERSION = YES;
				CLANG_WARN_COMMA = YES;
				CLANG_WARN_CONSTANT_CONVERSION = YES;
				CLANG_WARN_DEPRECATED_OBJC_IMPLEMENTATIONS = YES;
				CLANG_WARN_DIRECT_OBJC_ISA_USAGE = YES_ERROR;
				CLANG_WARN_DOCUMENTATION_COMMENTS = YES;
				CLANG_WARN_EMPTY_BODY = YES;
				CLANG_WARN_ENUM_CONVERSION = YES;
				CLANG_WARN_INFINITE_RECURSION = YES;
				CLANG_WARN_INT_CONVERSION = YES;
				CLANG_WARN_NON_LITERAL_NULL_CONVERSION = YES;
				CLANG_WARN_OBJC_IMPLICIT_RETAIN_SELF = YES;
				CLANG_WARN_OBJC_LITERAL_CONVERSION = YES;
				CLANG_WARN_OBJC_ROOT_CLASS = YES_ERROR;
				CLANG_WARN_RANGE_LOOP_ANALYSIS = YES;
				CLANG_WARN_STRICT_PROTOTYPES = YES;
				CLANG_WARN_SUSPICIOUS_MOVE = YES;
				CLANG_WARN_UNGUARDED_AVAILABILITY = YES_AGGRESSIVE;
				CLANG_WARN_UNREACHABLE_CODE = YES;
				CLANG_WARN__DUPLICATE_METHOD_MATCH = YES;
				COPY_PHASE_STRIP = NO;
				DEBUG_INFORMATION_FORMAT = dwarf;
				ENABLE_STRICT_OBJC_MSGSEND = YES;
				ENABLE_TESTABILITY = YES;
				GCC_C_LANGUAGE_STANDARD = gnu11;
				GCC_DYNAMIC_NO_PIC = NO;
				GCC_NO_COMMON_BLOCKS = YES;
				GCC_OPTIMIZATION_LEVEL = 0;
				GCC_PREPROCESSOR_DEFINITIONS = (
					"DEBUG=1",
					"$(inherited)",
				);
				GCC_WARN_64_TO_32_BIT_CONVERSION = YES;
				GCC_WARN_ABOUT_RETURN_TYPE = YES_ERROR;
				GCC_WARN_UNDECLARED_SELECTOR = YES;
				GCC_WARN_UNINITIALIZED_AUTOS = YES_AGGRESSIVE;
				GCC_WARN_UNUSED_FUNCTION = YES;
				GCC_WARN_UNUSED_VARIABLE = YES;
				IPHONEOS_DEPLOYMENT_TARGET = 13.2;
				MTL_ENABLE_DEBUG_INFO = INCLUDE_SOURCE;
				MTL_FAST_MATH = YES;
				ONLY_ACTIVE_ARCH = YES;
				SDKROOT = iphoneos;
				SWIFT_ACTIVE_COMPILATION_CONDITIONS = DEBUG;
				SWIFT_OPTIMIZATION_LEVEL = "-Onone";
			};
			name = Debug;
		};
		6B770A3F23AF9B2B004F478C /* Release */ = {
			isa = XCBuildConfiguration;
			buildSettings = {
				ALWAYS_SEARCH_USER_PATHS = NO;
				CLANG_ANALYZER_NONNULL = YES;
				CLANG_ANALYZER_NUMBER_OBJECT_CONVERSION = YES_AGGRESSIVE;
				CLANG_CXX_LANGUAGE_STANDARD = "gnu++14";
				CLANG_CXX_LIBRARY = "libc++";
				CLANG_ENABLE_MODULES = YES;
				CLANG_ENABLE_OBJC_ARC = YES;
				CLANG_ENABLE_OBJC_WEAK = YES;
				CLANG_WARN_BLOCK_CAPTURE_AUTORELEASING = YES;
				CLANG_WARN_BOOL_CONVERSION = YES;
				CLANG_WARN_COMMA = YES;
				CLANG_WARN_CONSTANT_CONVERSION = YES;
				CLANG_WARN_DEPRECATED_OBJC_IMPLEMENTATIONS = YES;
				CLANG_WARN_DIRECT_OBJC_ISA_USAGE = YES_ERROR;
				CLANG_WARN_DOCUMENTATION_COMMENTS = YES;
				CLANG_WARN_EMPTY_BODY = YES;
				CLANG_WARN_ENUM_CONVERSION = YES;
				CLANG_WARN_INFINITE_RECURSION = YES;
				CLANG_WARN_INT_CONVERSION = YES;
				CLANG_WARN_NON_LITERAL_NULL_CONVERSION = YES;
				CLANG_WARN_OBJC_IMPLICIT_RETAIN_SELF = YES;
				CLANG_WARN_OBJC_LITERAL_CONVERSION = YES;
				CLANG_WARN_OBJC_ROOT_CLASS = YES_ERROR;
				CLANG_WARN_RANGE_LOOP_ANALYSIS = YES;
				CLANG_WARN_STRICT_PROTOTYPES = YES;
				CLANG_WARN_SUSPICIOUS_MOVE = YES;
				CLANG_WARN_UNGUARDED_AVAILABILITY = YES_AGGRESSIVE;
				CLANG_WARN_UNREACHABLE_CODE = YES;
				CLANG_WARN__DUPLICATE_METHOD_MATCH = YES;
				COPY_PHASE_STRIP = NO;
				DEBUG_INFORMATION_FORMAT = "dwarf-with-dsym";
				ENABLE_NS_ASSERTIONS = NO;
				ENABLE_STRICT_OBJC_MSGSEND = YES;
				GCC_C_LANGUAGE_STANDARD = gnu11;
				GCC_NO_COMMON_BLOCKS = YES;
				GCC_WARN_64_TO_32_BIT_CONVERSION = YES;
				GCC_WARN_ABOUT_RETURN_TYPE = YES_ERROR;
				GCC_WARN_UNDECLARED_SELECTOR = YES;
				GCC_WARN_UNINITIALIZED_AUTOS = YES_AGGRESSIVE;
				GCC_WARN_UNUSED_FUNCTION = YES;
				GCC_WARN_UNUSED_VARIABLE = YES;
				IPHONEOS_DEPLOYMENT_TARGET = 13.2;
				MTL_ENABLE_DEBUG_INFO = NO;
				MTL_FAST_MATH = YES;
				SDKROOT = iphoneos;
				SWIFT_COMPILATION_MODE = wholemodule;
				SWIFT_OPTIMIZATION_LEVEL = "-O";
				VALIDATE_PRODUCT = YES;
			};
			name = Release;
		};
		6B770A4123AF9B2B004F478C /* Debug */ = {
			isa = XCBuildConfiguration;
			baseConfigurationReference = 4C00C11D92080E62EDF6F15D /* Pods-TRAIN.debug.xcconfig */;
			buildSettings = {
				ASSETCATALOG_COMPILER_APPICON_NAME = AppIcon;
				CODE_SIGN_STYLE = Automatic;
				DEVELOPMENT_TEAM = B368V7H52N;
				INFOPLIST_FILE = TRAIN/Info.plist;
				IPHONEOS_DEPLOYMENT_TARGET = 13.0;
				LD_RUNPATH_SEARCH_PATHS = (
					"$(inherited)",
					"@executable_path/Frameworks",
				);
				PRODUCT_BUNDLE_IDENTIFIER = "net.tra-in.TRAIN";
				PRODUCT_NAME = "$(TARGET_NAME)";
				SWIFT_VERSION = 5.0;
				TARGETED_DEVICE_FAMILY = 1;
			};
			name = Debug;
		};
		6B770A4223AF9B2B004F478C /* Release */ = {
			isa = XCBuildConfiguration;
			baseConfigurationReference = F105324C021F2B9DADDD05B4 /* Pods-TRAIN.release.xcconfig */;
			buildSettings = {
				ASSETCATALOG_COMPILER_APPICON_NAME = AppIcon;
				CODE_SIGN_STYLE = Automatic;
				DEVELOPMENT_TEAM = B368V7H52N;
				INFOPLIST_FILE = TRAIN/Info.plist;
				IPHONEOS_DEPLOYMENT_TARGET = 13.0;
				LD_RUNPATH_SEARCH_PATHS = (
					"$(inherited)",
					"@executable_path/Frameworks",
				);
				PRODUCT_BUNDLE_IDENTIFIER = "net.tra-in.TRAIN";
				PRODUCT_NAME = "$(TARGET_NAME)";
				SWIFT_VERSION = 5.0;
				TARGETED_DEVICE_FAMILY = 1;
			};
			name = Release;
		};
/* End XCBuildConfiguration section */

/* Begin XCConfigurationList section */
		6B770A2723AF9B26004F478C /* Build configuration list for PBXProject "TRAIN" */ = {
			isa = XCConfigurationList;
			buildConfigurations = (
				6B770A3E23AF9B2B004F478C /* Debug */,
				6B770A3F23AF9B2B004F478C /* Release */,
			);
			defaultConfigurationIsVisible = 0;
			defaultConfigurationName = Release;
		};
		6B770A4023AF9B2B004F478C /* Build configuration list for PBXNativeTarget "TRAIN" */ = {
			isa = XCConfigurationList;
			buildConfigurations = (
				6B770A4123AF9B2B004F478C /* Debug */,
				6B770A4223AF9B2B004F478C /* Release */,
			);
			defaultConfigurationIsVisible = 0;
			defaultConfigurationName = Release;
		};
/* End XCConfigurationList section */
	};
	rootObject = 6B770A2423AF9B26004F478C /* Project object */;
}
